// !$*UTF8*$!
{
	archiveVersion = 1;
	classes = {
	};
	objectVersion = 46;
	objects = {

/* Begin PBXBuildFile section */
		01CEFA591E40FD4900435FBC /* Button.swift in Sources */ = {isa = PBXBuildFile; fileRef = 01CEFA581E40FD4900435FBC /* Button.swift */; };
		01CEFA5D1E41256D00435FBC /* Joystick.swift in Sources */ = {isa = PBXBuildFile; fileRef = 01CEFA5C1E41256D00435FBC /* Joystick.swift */; };
		14736B721DA33AF8000D3F05 /* AppDelegate.swift in Sources */ = {isa = PBXBuildFile; fileRef = 14736B711DA33AF8000D3F05 /* AppDelegate.swift */; };
		14736B741DA33AF8000D3F05 /* GameScene.sks in Resources */ = {isa = PBXBuildFile; fileRef = 14736B731DA33AF8000D3F05 /* GameScene.sks */; };
		14736B761DA33AF8000D3F05 /* Actions.sks in Resources */ = {isa = PBXBuildFile; fileRef = 14736B751DA33AF8000D3F05 /* Actions.sks */; };
		14736B781DA33AF8000D3F05 /* GameScene.swift in Sources */ = {isa = PBXBuildFile; fileRef = 14736B771DA33AF8000D3F05 /* GameScene.swift */; };
		14736B7A1DA33AF8000D3F05 /* GameViewController.swift in Sources */ = {isa = PBXBuildFile; fileRef = 14736B791DA33AF8000D3F05 /* GameViewController.swift */; };
		14736B7D1DA33AF8000D3F05 /* Main.storyboard in Resources */ = {isa = PBXBuildFile; fileRef = 14736B7B1DA33AF8000D3F05 /* Main.storyboard */; };
		14736B7F1DA33AF8000D3F05 /* Assets.xcassets in Resources */ = {isa = PBXBuildFile; fileRef = 14736B7E1DA33AF8000D3F05 /* Assets.xcassets */; };
		14736B821DA33AF8000D3F05 /* LaunchScreen.storyboard in Resources */ = {isa = PBXBuildFile; fileRef = 14736B801DA33AF8000D3F05 /* LaunchScreen.storyboard */; };
/* End PBXBuildFile section */

/* Begin PBXFileReference section */
		01CEFA581E40FD4900435FBC /* Button.swift */ = {isa = PBXFileReference; fileEncoding = 4; lastKnownFileType = sourcecode.swift; path = Button.swift; sourceTree = "<group>"; };
		01CEFA5C1E41256D00435FBC /* Joystick.swift */ = {isa = PBXFileReference; fileEncoding = 4; lastKnownFileType = sourcecode.swift; path = Joystick.swift; sourceTree = "<group>"; };
		14736B6E1DA33AF8000D3F05 /* Franklin500.app */ = {isa = PBXFileReference; explicitFileType = wrapper.application; includeInIndex = 0; path = Franklin500.app; sourceTree = BUILT_PRODUCTS_DIR; };
		14736B711DA33AF8000D3F05 /* AppDelegate.swift */ = {isa = PBXFileReference; lastKnownFileType = sourcecode.swift; path = AppDelegate.swift; sourceTree = "<group>"; };
		14736B731DA33AF8000D3F05 /* GameScene.sks */ = {isa = PBXFileReference; lastKnownFileType = file.sks; path = GameScene.sks; sourceTree = "<group>"; };
		14736B751DA33AF8000D3F05 /* Actions.sks */ = {isa = PBXFileReference; lastKnownFileType = file.sks; path = Actions.sks; sourceTree = "<group>"; };
		14736B771DA33AF8000D3F05 /* GameScene.swift */ = {isa = PBXFileReference; lastKnownFileType = sourcecode.swift; path = GameScene.swift; sourceTree = "<group>"; };
		14736B791DA33AF8000D3F05 /* GameViewController.swift */ = {isa = PBXFileReference; lastKnownFileType = sourcecode.swift; path = GameViewController.swift; sourceTree = "<group>"; };
		14736B7C1DA33AF8000D3F05 /* Base */ = {isa = PBXFileReference; lastKnownFileType = file.storyboard; name = Base; path = Base.lproj/Main.storyboard; sourceTree = "<group>"; };
		14736B7E1DA33AF8000D3F05 /* Assets.xcassets */ = {isa = PBXFileReference; lastKnownFileType = folder.assetcatalog; path = Assets.xcassets; sourceTree = "<group>"; };
		14736B811DA33AF8000D3F05 /* Base */ = {isa = PBXFileReference; lastKnownFileType = file.storyboard; name = Base; path = Base.lproj/LaunchScreen.storyboard; sourceTree = "<group>"; };
		14736B831DA33AF8000D3F05 /* Info.plist */ = {isa = PBXFileReference; lastKnownFileType = text.plist.xml; path = Info.plist; sourceTree = "<group>"; };
/* End PBXFileReference section */

/* Begin PBXFrameworksBuildPhase section */
		14736B6B1DA33AF8000D3F05 /* Frameworks */ = {
			isa = PBXFrameworksBuildPhase;
			buildActionMask = 2147483647;
			files = (
			);
			runOnlyForDeploymentPostprocessing = 0;
		};
/* End PBXFrameworksBuildPhase section */

/* Begin PBXGroup section */
		14736B651DA33AF8000D3F05 = {
			isa = PBXGroup;
			children = (
				14736B701DA33AF8000D3F05 /* Franklin500 */,
				14736B6F1DA33AF8000D3F05 /* Products */,
			);
			sourceTree = "<group>";
		};
		14736B6F1DA33AF8000D3F05 /* Products */ = {
			isa = PBXGroup;
			children = (
				14736B6E1DA33AF8000D3F05 /* Franklin500.app */,
			);
			name = Products;
			sourceTree = "<group>";
		};
		14736B701DA33AF8000D3F05 /* Franklin500 */ = {
			isa = PBXGroup;
			children = (
				14736B711DA33AF8000D3F05 /* AppDelegate.swift */,
				14736B731DA33AF8000D3F05 /* GameScene.sks */,
				14736B751DA33AF8000D3F05 /* Actions.sks */,
				14736B771DA33AF8000D3F05 /* GameScene.swift */,
				01CEFA581E40FD4900435FBC /* Button.swift */,
				01CEFA5C1E41256D00435FBC /* Joystick.swift */,
				14736B791DA33AF8000D3F05 /* GameViewController.swift */,
				14736B7B1DA33AF8000D3F05 /* Main.storyboard */,
				14736B7E1DA33AF8000D3F05 /* Assets.xcassets */,
				14736B801DA33AF8000D3F05 /* LaunchScreen.storyboard */,
				14736B831DA33AF8000D3F05 /* Info.plist */,
			);
			path = Franklin500;
			sourceTree = "<group>";
		};
/* End PBXGroup section */

/* Begin PBXNativeTarget section */
		14736B6D1DA33AF8000D3F05 /* Franklin500 */ = {
			isa = PBXNativeTarget;
			buildConfigurationList = 14736B861DA33AF8000D3F05 /* Build configuration list for PBXNativeTarget "Franklin500" */;
			buildPhases = (
				14736B6A1DA33AF8000D3F05 /* Sources */,
				14736B6B1DA33AF8000D3F05 /* Frameworks */,
				14736B6C1DA33AF8000D3F05 /* Resources */,
			);
			buildRules = (
			);
			dependencies = (
			);
			name = Franklin500;
			productName = Franklin500;
			productReference = 14736B6E1DA33AF8000D3F05 /* Franklin500.app */;
			productType = "com.apple.product-type.application";
		};
/* End PBXNativeTarget section */

/* Begin PBXProject section */
		14736B661DA33AF8000D3F05 /* Project object */ = {
			isa = PBXProject;
			attributes = {
				LastSwiftUpdateCheck = 0800;
				LastUpgradeCheck = 0820;
				ORGANIZATIONNAME = olc;
				TargetAttributes = {
					14736B6D1DA33AF8000D3F05 = {
						CreatedOnToolsVersion = 8.0;
						DevelopmentTeam = 7PR8VYH29V;
						ProvisioningStyle = Automatic;
					};
				};
			};
			buildConfigurationList = 14736B691DA33AF8000D3F05 /* Build configuration list for PBXProject "Franklin500" */;
			compatibilityVersion = "Xcode 3.2";
			developmentRegion = English;
			hasScannedForEncodings = 0;
			knownRegions = (
				en,
				Base,
			);
			mainGroup = 14736B651DA33AF8000D3F05;
			productRefGroup = 14736B6F1DA33AF8000D3F05 /* Products */;
			projectDirPath = "";
			projectRoot = "";
			targets = (
				14736B6D1DA33AF8000D3F05 /* Franklin500 */,
			);
		};
/* End PBXProject section */

/* Begin PBXResourcesBuildPhase section */
		14736B6C1DA33AF8000D3F05 /* Resources */ = {
			isa = PBXResourcesBuildPhase;
			buildActionMask = 2147483647;
			files = (
				14736B7D1DA33AF8000D3F05 /* Main.storyboard in Resources */,
				14736B741DA33AF8000D3F05 /* GameScene.sks in Resources */,
				14736B7F1DA33AF8000D3F05 /* Assets.xcassets in Resources */,
				14736B821DA33AF8000D3F05 /* LaunchScreen.storyboard in Resources */,
				14736B761DA33AF8000D3F05 /* Actions.sks in Resources */,
			);
			runOnlyForDeploymentPostprocessing = 0;
		};
/* End PBXResourcesBuildPhase section */

/* Begin PBXSourcesBuildPhase section */
		14736B6A1DA33AF8000D3F05 /* Sources */ = {
			isa = PBXSourcesBuildPhase;
			buildActionMask = 2147483647;
			files = (
				14736B781DA33AF8000D3F05 /* GameScene.swift in Sources */,
				14736B7A1DA33AF8000D3F05 /* GameViewController.swift in Sources */,
				01CEFA5D1E41256D00435FBC /* Joystick.swift in Sources */,
				14736B721DA33AF8000D3F05 /* AppDelegate.swift in Sources */,
				01CEFA591E40FD4900435FBC /* Button.swift in Sources */,
			);
			runOnlyForDeploymentPostprocessing = 0;
		};
/* End PBXSourcesBuildPhase section */

/* Begin PBXVariantGroup section */
		14736B7B1DA33AF8000D3F05 /* Main.storyboard */ = {
			isa = PBXVariantGroup;
			children = (
				14736B7C1DA33AF8000D3F05 /* Base */,
			);
			name = Main.storyboard;
			sourceTree = "<group>";
		};
		14736B801DA33AF8000D3F05 /* LaunchScreen.storyboard */ = {
			isa = PBXVariantGroup;
			children = (
				14736B811DA33AF8000D3F05 /* Base */,
			);
			name = LaunchScreen.storyboard;
			sourceTree = "<group>";
		};
/* End PBXVariantGroup section */

/* Begin XCBuildConfiguration section */
		14736B841DA33AF8000D3F05 /* Debug */ = {
			isa = XCBuildConfiguration;
			buildSettings = {
				ALWAYS_SEARCH_USER_PATHS = NO;
				CLANG_ANALYZER_NONNULL = YES;
				CLANG_CXX_LANGUAGE_STANDARD = "gnu++0x";
				CLANG_CXX_LIBRARY = "libc++";
				CLANG_ENABLE_MODULES = YES;
				CLANG_ENABLE_OBJC_ARC = YES;
				CLANG_WARN_BOOL_CONVERSION = YES;
				CLANG_WARN_CONSTANT_CONVERSION = YES;
				CLANG_WARN_DIRECT_OBJC_ISA_USAGE = YES_ERROR;
				CLANG_WARN_DOCUMENTATION_COMMENTS = YES;
				CLANG_WARN_EMPTY_BODY = YES;
				CLANG_WARN_ENUM_CONVERSION = YES;
				CLANG_WARN_INFINITE_RECURSION = YES;
				CLANG_WARN_INT_CONVERSION = YES;
				CLANG_WARN_OBJC_ROOT_CLASS = YES_ERROR;
				CLANG_WARN_SUSPICIOUS_MOVE = YES;
				CLANG_WARN_SUSPICIOUS_MOVES = YES;
				CLANG_WARN_UNREACHABLE_CODE = YES;
				CLANG_WARN__DUPLICATE_METHOD_MATCH = YES;
				"CODE_SIGN_IDENTITY[sdk=iphoneos*]" = "iPhone Developer";
				COPY_PHASE_STRIP = NO;
				DEBUG_INFORMATION_FORMAT = dwarf;
				ENABLE_STRICT_OBJC_MSGSEND = YES;
				ENABLE_TESTABILITY = YES;
				GCC_C_LANGUAGE_STANDARD = gnu99;
				GCC_DYNAMIC_NO_PIC = NO;
				GCC_NO_COMMON_BLOCKS = YES;
				GCC_OPTIMIZATION_LEVEL = 0;
				GCC_PREPROCESSOR_DEFINITIONS = (
					"DEBUG=1",
					"$(inherited)",
				);
				GCC_WARN_64_TO_32_BIT_CONVERSION = YES;
				GCC_WARN_ABOUT_RETURN_TYPE = YES_ERROR;
				GCC_WARN_UNDECLARED_SELECTOR = YES;
				GCC_WARN_UNINITIALIZED_AUTOS = YES_AGGRESSIVE;
				GCC_WARN_UNUSED_FUNCTION = YES;
				GCC_WARN_UNUSED_VARIABLE = YES;
				IPHONEOS_DEPLOYMENT_TARGET = 10.0;
				MTL_ENABLE_DEBUG_INFO = YES;
				ONLY_ACTIVE_ARCH = YES;
				SDKROOT = iphoneos;
				SWIFT_ACTIVE_COMPILATION_CONDITIONS = DEBUG;
				SWIFT_OPTIMIZATION_LEVEL = "-Onone";
				TARGETED_DEVICE_FAMILY = "1,2";
			};
			name = Debug;
		};
		14736B851DA33AF8000D3F05 /* Release */ = {
			isa = XCBuildConfiguration;
			buildSettings = {
				ALWAYS_SEARCH_USER_PATHS = NO;
				CLANG_ANALYZER_NONNULL = YES;
				CLANG_CXX_LANGUAGE_STANDARD = "gnu++0x";
				CLANG_CXX_LIBRARY = "libc++";
				CLANG_ENABLE_MODULES = YES;
				CLANG_ENABLE_OBJC_ARC = YES;
				CLANG_WARN_BOOL_CONVERSION = YES;
				CLANG_WARN_CONSTANT_CONVERSION = YES;
				CLANG_WARN_DIRECT_OBJC_ISA_USAGE = YES_ERROR;
				CLANG_WARN_DOCUMENTATION_COMMENTS = YES;
				CLANG_WARN_EMPTY_BODY = YES;
				CLANG_WARN_ENUM_CONVERSION = YES;
				CLANG_WARN_INFINITE_RECURSION = YES;
				CLANG_WARN_INT_CONVERSION = YES;
				CLANG_WARN_OBJC_ROOT_CLASS = YES_ERROR;
				CLANG_WARN_SUSPICIOUS_MOVE = YES;
				CLANG_WARN_SUSPICIOUS_MOVES = YES;
				CLANG_WARN_UNREACHABLE_CODE = YES;
				CLANG_WARN__DUPLICATE_METHOD_MATCH = YES;
				"CODE_SIGN_IDENTITY[sdk=iphoneos*]" = "iPhone Developer";
				COPY_PHASE_STRIP = NO;
				DEBUG_INFORMATION_FORMAT = "dwarf-with-dsym";
				ENABLE_NS_ASSERTIONS = NO;
				ENABLE_STRICT_OBJC_MSGSEND = YES;
				GCC_C_LANGUAGE_STANDARD = gnu99;
				GCC_NO_COMMON_BLOCKS = YES;
				GCC_WARN_64_TO_32_BIT_CONVERSION = YES;
				GCC_WARN_ABOUT_RETURN_TYPE = YES_ERROR;
				GCC_WARN_UNDECLARED_SELECTOR = YES;
				GCC_WARN_UNINITIALIZED_AUTOS = YES_AGGRESSIVE;
				GCC_WARN_UNUSED_FUNCTION = YES;
				GCC_WARN_UNUSED_VARIABLE = YES;
				IPHONEOS_DEPLOYMENT_TARGET = 10.0;
				MTL_ENABLE_DEBUG_INFO = NO;
				SDKROOT = iphoneos;
				SWIFT_OPTIMIZATION_LEVEL = "-Owholemodule";
				TARGETED_DEVICE_FAMILY = "1,2";
				VALIDATE_PRODUCT = YES;
			};
			name = Release;
		};
		14736B871DA33AF8000D3F05 /* Debug */ = {
			isa = XCBuildConfiguration;
			buildSettings = {
				ASSETCATALOG_COMPILER_APPICON_NAME = AppIcon;
				DEVELOPMENT_TEAM = 7PR8VYH29V;
				INFOPLIST_FILE = Franklin500/Info.plist;
				IPHONEOS_DEPLOYMENT_TARGET = 10.0;
				LD_RUNPATH_SEARCH_PATHS = "$(inherited) @executable_path/Frameworks";
				PRODUCT_BUNDLE_IDENTIFIER = org.olc.Franklin500;
				PRODUCT_NAME = "$(TARGET_NAME)";
				SWIFT_VERSION = 3.0;
			};
			name = Debug;
		};
		14736B881DA33AF8000D3F05 /* Release */ = {
			isa = XCBuildConfiguration;
			buildSettings = {
				ASSETCATALOG_COMPILER_APPICON_NAME = AppIcon;
				DEVELOPMENT_TEAM = 7PR8VYH29V;
				INFOPLIST_FILE = Franklin500/Info.plist;
				IPHONEOS_DEPLOYMENT_TARGET = 10.0;
				LD_RUNPATH_SEARCH_PATHS = "$(inherited) @executable_path/Frameworks";
				PRODUCT_BUNDLE_IDENTIFIER = org.olc.Franklin500;
				PRODUCT_NAME = "$(TARGET_NAME)";
				SWIFT_VERSION = 3.0;
			};
			name = Release;
		};
/* End XCBuildConfiguration section */

/* Begin XCConfigurationList section */
		14736B691DA33AF8000D3F05 /* Build configuration list for PBXProject "Franklin500" */ = {
			isa = XCConfigurationList;
			buildConfigurations = (
				14736B841DA33AF8000D3F05 /* Debug */,
				14736B851DA33AF8000D3F05 /* Release */,
			);
			defaultConfigurationIsVisible = 0;
			defaultConfigurationName = Release;
		};
		14736B861DA33AF8000D3F05 /* Build configuration list for PBXNativeTarget "Franklin500" */ = {
			isa = XCConfigurationList;
			buildConfigurations = (
				14736B871DA33AF8000D3F05 /* Debug */,
				14736B881DA33AF8000D3F05 /* Release */,
			);
			defaultConfigurationIsVisible = 0;
			defaultConfigurationName = Release;
		};
/* End XCConfigurationList section */
	};
	rootObject = 14736B661DA33AF8000D3F05 /* Project object */;
}
